
Microsoft Visual Studio Solution File, Format Version 12.00
# Visual Studio Version 16
VisualStudioVersion = 16.0.29806.167
MinimumVisualStudioVersion = 10.0.40219.1
Project("{9A19103F-16F7-4668-BE54-9A1E7A4F7556}") = "Scrambler", "src\Scrambler\Scrambler.csproj", "{2868A37A-8825-4587-A7B3-286F548E7419}"
EndProject
Project("{FAE04EC0-301F-11D3-BF4B-00C04F79EFBC}") = "Scrambler.Tests", "src\Scrambler.Tests\Scrambler.Tests.csproj", "{DA55A563-BF84-4B8E-A57F-77621C567669}"
EndProject
Global
	GlobalSection(SolutionConfigurationPlatforms) = preSolution
		Debug|Any CPU = Debug|Any CPU
		Release|Any CPU = Release|Any CPU
	EndGlobalSection
	GlobalSection(ProjectConfigurationPlatforms) = postSolution
		{2868A37A-8825-4587-A7B3-286F548E7419}.Debug|Any CPU.ActiveCfg = Debug|Any CPU
		{2868A37A-8825-4587-A7B3-286F548E7419}.Debug|Any CPU.Build.0 = Debug|Any CPU
		{2868A37A-8825-4587-A7B3-286F548E7419}.Release|Any CPU.ActiveCfg = Release|Any CPU
		{2868A37A-8825-4587-A7B3-286F548E7419}.Release|Any CPU.Build.0 = Release|Any CPU
		{DA55A563-BF84-4B8E-A57F-77621C567669}.Debug|Any CPU.ActiveCfg = Debug|Any CPU
		{DA55A563-BF84-4B8E-A57F-77621C567669}.Debug|Any CPU.Build.0 = Debug|Any CPU
		{DA55A563-BF84-4B8E-A57F-77621C567669}.Release|Any CPU.ActiveCfg = Release|Any CPU
		{DA55A563-BF84-4B8E-A57F-77621C567669}.Release|Any CPU.Build.0 = Release|Any CPU
	EndGlobalSection
	GlobalSection(SolutionProperties) = preSolution
		HideSolutionNode = FALSE
	EndGlobalSection
	GlobalSection(ExtensibilityGlobals) = postSolution
		SolutionGuid = {4135DB4C-CBB7-40D2-81E7-0ABBD1A8ACCC}
	EndGlobalSection
EndGlobal
